
Microsoft Visual Studio Solution File, Format Version 12.00
# Visual Studio Version 17
VisualStudioVersion = 17.6.33723.286
MinimumVisualStudioVersion = 10.0.40219.1
Project("{FAE04EC0-301F-11D3-BF4B-00C04F79EFBC}") = "BookTradingSystem", "BookTradingSystem\BookTradingSystem.csproj", "{258500D5-0CDA-41AD-A33B-A2408A63349E}"
EndProject
Project("{9A19103F-16F7-4668-BE54-9A1E7A4F7556}") = "LoggingAssembly", "LoggingAssembly\LoggingAssembly.csproj", "{C0F05A68-BE3F-4072-915B-D42EADDB4317}"
EndProject
Project("{8BC9CEB8-8B4A-11D0-8D11-00A0C91BC942}") = "RecommendationEngineAssembly", "RecommendationEngineAssembly\RecommendationEngineAssembly.vcxproj", "{FB5718A1-257D-401D-B956-7B1D668E8B80}"
EndProject
Project("{8BC9CEB8-8B4A-11D0-8D11-00A0C91BC942}") = "MinusDll", "MinusDll\MinusDll.vcxproj", "{1073DAB5-DD0E-4AEC-B497-C6BE692A6BDE}"
EndProject
Project("{FAE04EC0-301F-11D3-BF4B-00C04F79EFBC}") = "StrcatAssembly", "StrcatAssembly\StrcatAssembly.csproj", "{1507D105-F131-4CD4-AB60-00B95290EE1B}"
EndProject
Global
	GlobalSection(SolutionConfigurationPlatforms) = preSolution
		Debug|Any CPU = Debug|Any CPU
		Debug|x64 = Debug|x64
		Debug|x86 = Debug|x86
		Release|Any CPU = Release|Any CPU
		Release|x64 = Release|x64
		Release|x86 = Release|x86
	EndGlobalSection
	GlobalSection(ProjectConfigurationPlatforms) = postSolution
		{258500D5-0CDA-41AD-A33B-A2408A63349E}.Debug|Any CPU.ActiveCfg = Debug|Any CPU
		{258500D5-0CDA-41AD-A33B-A2408A63349E}.Debug|Any CPU.Build.0 = Debug|Any CPU
		{258500D5-0CDA-41AD-A33B-A2408A63349E}.Debug|x64.ActiveCfg = Debug|Any CPU
		{258500D5-0CDA-41AD-A33B-A2408A63349E}.Debug|x64.Build.0 = Debug|Any CPU
		{258500D5-0CDA-41AD-A33B-A2408A63349E}.Debug|x86.ActiveCfg = Debug|Any CPU
		{258500D5-0CDA-41AD-A33B-A2408A63349E}.Debug|x86.Build.0 = Debug|Any CPU
		{258500D5-0CDA-41AD-A33B-A2408A63349E}.Release|Any CPU.ActiveCfg = Release|Any CPU
		{258500D5-0CDA-41AD-A33B-A2408A63349E}.Release|Any CPU.Build.0 = Release|Any CPU
		{258500D5-0CDA-41AD-A33B-A2408A63349E}.Release|x64.ActiveCfg = Release|Any CPU
		{258500D5-0CDA-41AD-A33B-A2408A63349E}.Release|x64.Build.0 = Release|Any CPU
		{258500D5-0CDA-41AD-A33B-A2408A63349E}.Release|x86.ActiveCfg = Release|Any CPU
		{258500D5-0CDA-41AD-A33B-A2408A63349E}.Release|x86.Build.0 = Release|Any CPU
		{C0F05A68-BE3F-4072-915B-D42EADDB4317}.Debug|Any CPU.ActiveCfg = Debug|Any CPU
		{C0F05A68-BE3F-4072-915B-D42EADDB4317}.Debug|Any CPU.Build.0 = Debug|Any CPU
		{C0F05A68-BE3F-4072-915B-D42EADDB4317}.Debug|x64.ActiveCfg = Debug|Any CPU
		{C0F05A68-BE3F-4072-915B-D42EADDB4317}.Debug|x64.Build.0 = Debug|Any CPU
		{C0F05A68-BE3F-4072-915B-D42EADDB4317}.Debug|x86.ActiveCfg = Debug|Any CPU
		{C0F05A68-BE3F-4072-915B-D42EADDB4317}.Debug|x86.Build.0 = Debug|Any CPU
		{C0F05A68-BE3F-4072-915B-D42EADDB4317}.Release|Any CPU.ActiveCfg = Release|Any CPU
		{C0F05A68-BE3F-4072-915B-D42EADDB4317}.Release|Any CPU.Build.0 = Release|Any CPU
		{C0F05A68-BE3F-4072-915B-D42EADDB4317}.Release|x64.ActiveCfg = Release|Any CPU
		{C0F05A68-BE3F-4072-915B-D42EADDB4317}.Release|x64.Build.0 = Release|Any CPU
		{C0F05A68-BE3F-4072-915B-D42EADDB4317}.Release|x86.ActiveCfg = Release|Any CPU
		{C0F05A68-BE3F-4072-915B-D42EADDB4317}.Release|x86.Build.0 = Release|Any CPU
		{FB5718A1-257D-401D-B956-7B1D668E8B80}.Debug|Any CPU.ActiveCfg = Debug|x64
		{FB5718A1-257D-401D-B956-7B1D668E8B80}.Debug|Any CPU.Build.0 = Debug|x64
		{FB5718A1-257D-401D-B956-7B1D668E8B80}.Debug|x64.ActiveCfg = Debug|x64
		{FB5718A1-257D-401D-B956-7B1D668E8B80}.Debug|x64.Build.0 = Debug|x64
		{FB5718A1-257D-401D-B956-7B1D668E8B80}.Debug|x86.ActiveCfg = Debug|Win32
		{FB5718A1-257D-401D-B956-7B1D668E8B80}.Debug|x86.Build.0 = Debug|Win32
		{FB5718A1-257D-401D-B956-7B1D668E8B80}.Release|Any CPU.ActiveCfg = Release|x64
		{FB5718A1-257D-401D-B956-7B1D668E8B80}.Release|Any CPU.Build.0 = Release|x64
		{FB5718A1-257D-401D-B956-7B1D668E8B80}.Release|x64.ActiveCfg = Release|x64
		{FB5718A1-257D-401D-B956-7B1D668E8B80}.Release|x64.Build.0 = Release|x64
		{FB5718A1-257D-401D-B956-7B1D668E8B80}.Release|x86.ActiveCfg = Release|Win32
		{FB5718A1-257D-401D-B956-7B1D668E8B80}.Release|x86.Build.0 = Release|Win32
		{1073DAB5-DD0E-4AEC-B497-C6BE692A6BDE}.Debug|Any CPU.ActiveCfg = Debug|x64
		{1073DAB5-DD0E-4AEC-B497-C6BE692A6BDE}.Debug|Any CPU.Build.0 = Debug|x64
		{1073DAB5-DD0E-4AEC-B497-C6BE692A6BDE}.Debug|x64.ActiveCfg = Debug|x64
		{1073DAB5-DD0E-4AEC-B497-C6BE692A6BDE}.Debug|x64.Build.0 = Debug|x64
		{1073DAB5-DD0E-4AEC-B497-C6BE692A6BDE}.Debug|x86.ActiveCfg = Debug|Win32
		{1073DAB5-DD0E-4AEC-B497-C6BE692A6BDE}.Debug|x86.Build.0 = Debug|Win32
		{1073DAB5-DD0E-4AEC-B497-C6BE692A6BDE}.Release|Any CPU.ActiveCfg = Release|x64
		{1073DAB5-DD0E-4AEC-B497-C6BE692A6BDE}.Release|Any CPU.Build.0 = Release|x64
		{1073DAB5-DD0E-4AEC-B497-C6BE692A6BDE}.Release|x64.ActiveCfg = Release|x64
		{1073DAB5-DD0E-4AEC-B497-C6BE692A6BDE}.Release|x64.Build.0 = Release|x64
		{1073DAB5-DD0E-4AEC-B497-C6BE692A6BDE}.Release|x86.ActiveCfg = Release|Win32
		{1073DAB5-DD0E-4AEC-B497-C6BE692A6BDE}.Release|x86.Build.0 = Release|Win32
		{1507D105-F131-4CD4-AB60-00B95290EE1B}.Debug|Any CPU.ActiveCfg = Debug|Any CPU
		{1507D105-F131-4CD4-AB60-00B95290EE1B}.Debug|Any CPU.Build.0 = Debug|Any CPU
		{1507D105-F131-4CD4-AB60-00B95290EE1B}.Debug|x64.ActiveCfg = Debug|Any CPU
		{1507D105-F131-4CD4-AB60-00B95290EE1B}.Debug|x64.Build.0 = Debug|Any CPU
		{1507D105-F131-4CD4-AB60-00B95290EE1B}.Debug|x86.ActiveCfg = Debug|Any CPU
		{1507D105-F131-4CD4-AB60-00B95290EE1B}.Debug|x86.Build.0 = Debug|Any CPU
		{1507D105-F131-4CD4-AB60-00B95290EE1B}.Release|Any CPU.ActiveCfg = Release|Any CPU
		{1507D105-F131-4CD4-AB60-00B95290EE1B}.Release|Any CPU.Build.0 = Release|Any CPU
		{1507D105-F131-4CD4-AB60-00B95290EE1B}.Release|x64.ActiveCfg = Release|Any CPU
		{1507D105-F131-4CD4-AB60-00B95290EE1B}.Release|x64.Build.0 = Release|Any CPU
		{1507D105-F131-4CD4-AB60-00B95290EE1B}.Release|x86.ActiveCfg = Release|Any CPU
		{1507D105-F131-4CD4-AB60-00B95290EE1B}.Release|x86.Build.0 = Release|Any CPU
	EndGlobalSection
	GlobalSection(SolutionProperties) = preSolution
		HideSolutionNode = FALSE
	EndGlobalSection
	GlobalSection(ExtensibilityGlobals) = postSolution
		SolutionGuid = {C8AD649A-5E2C-466A-A867-6C7AAAE5C95E}
	EndGlobalSection
EndGlobal
