
Microsoft Visual Studio Solution File, Format Version 12.00
# Visual Studio Version 17
VisualStudioVersion = 17.6.33723.286
MinimumVisualStudioVersion = 10.0.40219.1
Project("{FAE04EC0-301F-11D3-BF4B-00C04F79EFBC}") = "BookTradingSystem", "BookTradingSystem\BookTradingSystem.csproj", "{258500D5-0CDA-41AD-A33B-A2408A63349E}"
EndProject
Project("{FAE04EC0-301F-11D3-BF4B-00C04F79EFBC}") = "ClassLibrary1", "ClassLibrary1\ClassLibrary1.csproj", "{DE133183-91EC-43B7-952B-0046FCC2AD6E}"
EndProject
Global
	GlobalSection(SolutionConfigurationPlatforms) = preSolution
		Debug|Any CPU = Debug|Any CPU
		Debug|x64 = Debug|x64
		Debug|x86 = Debug|x86
		Release|Any CPU = Release|Any CPU
		Release|x64 = Release|x64
		Release|x86 = Release|x86
	EndGlobalSection
	GlobalSection(ProjectConfigurationPlatforms) = postSolution
		{258500D5-0CDA-41AD-A33B-A2408A63349E}.Debug|Any CPU.ActiveCfg = Debug|Any CPU
		{258500D5-0CDA-41AD-A33B-A2408A63349E}.Debug|Any CPU.Build.0 = Debug|Any CPU
		{258500D5-0CDA-41AD-A33B-A2408A63349E}.Debug|x64.ActiveCfg = Debug|Any CPU
		{258500D5-0CDA-41AD-A33B-A2408A63349E}.Debug|x64.Build.0 = Debug|Any CPU
		{258500D5-0CDA-41AD-A33B-A2408A63349E}.Debug|x86.ActiveCfg = Debug|Any CPU
		{258500D5-0CDA-41AD-A33B-A2408A63349E}.Debug|x86.Build.0 = Debug|Any CPU
		{258500D5-0CDA-41AD-A33B-A2408A63349E}.Release|Any CPU.ActiveCfg = Release|Any CPU
		{258500D5-0CDA-41AD-A33B-A2408A63349E}.Release|Any CPU.Build.0 = Release|Any CPU
		{258500D5-0CDA-41AD-A33B-A2408A63349E}.Release|x64.ActiveCfg = Release|Any CPU
		{258500D5-0CDA-41AD-A33B-A2408A63349E}.Release|x64.Build.0 = Release|Any CPU
		{258500D5-0CDA-41AD-A33B-A2408A63349E}.Release|x86.ActiveCfg = Release|Any CPU
		{258500D5-0CDA-41AD-A33B-A2408A63349E}.Release|x86.Build.0 = Release|Any CPU
		{DE133183-91EC-43B7-952B-0046FCC2AD6E}.Debug|Any CPU.ActiveCfg = Debug|Any CPU
		{DE133183-91EC-43B7-952B-0046FCC2AD6E}.Debug|Any CPU.Build.0 = Debug|Any CPU
		{DE133183-91EC-43B7-952B-0046FCC2AD6E}.Debug|x64.ActiveCfg = Debug|Any CPU
		{DE133183-91EC-43B7-952B-0046FCC2AD6E}.Debug|x64.Build.0 = Debug|Any CPU
		{DE133183-91EC-43B7-952B-0046FCC2AD6E}.Debug|x86.ActiveCfg = Debug|Any CPU
		{DE133183-91EC-43B7-952B-0046FCC2AD6E}.Debug|x86.Build.0 = Debug|Any CPU
		{DE133183-91EC-43B7-952B-0046FCC2AD6E}.Release|Any CPU.ActiveCfg = Release|Any CPU
		{DE133183-91EC-43B7-952B-0046FCC2AD6E}.Release|Any CPU.Build.0 = Release|Any CPU
		{DE133183-91EC-43B7-952B-0046FCC2AD6E}.Release|x64.ActiveCfg = Release|Any CPU
		{DE133183-91EC-43B7-952B-0046FCC2AD6E}.Release|x64.Build.0 = Release|Any CPU
		{DE133183-91EC-43B7-952B-0046FCC2AD6E}.Release|x86.ActiveCfg = Release|Any CPU
		{DE133183-91EC-43B7-952B-0046FCC2AD6E}.Release|x86.Build.0 = Release|Any CPU
	EndGlobalSection
	GlobalSection(SolutionProperties) = preSolution
		HideSolutionNode = FALSE
	EndGlobalSection
	GlobalSection(ExtensibilityGlobals) = postSolution
		SolutionGuid = {C8AD649A-5E2C-466A-A867-6C7AAAE5C95E}
	EndGlobalSection
EndGlobal
